
Microsoft Visual Studio Solution File, Format Version 12.00
# Visual Studio Version 17
VisualStudioVersion = 17.3.32505.426
MinimumVisualStudioVersion = 10.0.40219.1
Project("{FAE04EC0-301F-11D3-BF4B-00C04F79EFBC}") = "WebApplication9", "WebApplication9\WebApplication9.csproj", "{43C26856-1897-4E69-93D1-0E717852F76F}"
EndProject
Global
	GlobalSection(SolutionConfigurationPlatforms) = preSolution
		Debug|Any CPU = Debug|Any CPU
		Release|Any CPU = Release|Any CPU
	EndGlobalSection
	GlobalSection(ProjectConfigurationPlatforms) = postSolution
		{43C26856-1897-4E69-93D1-0E717852F76F}.Debug|Any CPU.ActiveCfg = Debug|Any CPU
		{43C26856-1897-4E69-93D1-0E717852F76F}.Debug|Any CPU.Build.0 = Debug|Any CPU
		{43C26856-1897-4E69-93D1-0E717852F76F}.Release|Any CPU.ActiveCfg = Release|Any CPU
		{43C26856-1897-4E69-93D1-0E717852F76F}.Release|Any CPU.Build.0 = Release|Any CPU
	EndGlobalSection
	GlobalSection(SolutionProperties) = preSolution
		HideSolutionNode = FALSE
	EndGlobalSection
	GlobalSection(ExtensibilityGlobals) = postSolution
		SolutionGuid = {C3D5F622-0B75-4590-B2E2-3DD196518DDF}
	EndGlobalSection
EndGlobal
